Microsoft Visual Studio Solution File, Format Version 11.00
# Visual Studio 2008

Project("{A4BCD834-AF42-1434-F9CD-6898D703D19B}") = "My-Apartment-VR", "Assembly-CSharp.csproj", "{DDE75E18-CCD1-ECA3-C01B-E7B2E0E156D6}"
EndProject
Project("{A4BCD834-AF42-1434-F9CD-6898D703D19B}") = "My-Apartment-VR", "Assembly-CSharp-Editor.csproj", "{A4557E5C-9F4E-270D-FBC7-C27E44CBB7BE}"
EndProject
Global
	GlobalSection(SolutionConfigurationPlatforms) = preSolution
		Debug|Any CPU = Debug|Any CPU
		Release|Any CPU = Release|Any CPU
	EndGlobalSection
	GlobalSection(ProjectConfigurationPlatforms) = postSolution
		{DDE75E18-CCD1-ECA3-C01B-E7B2E0E156D6}.Debug|Any CPU.ActiveCfg = Debug|Any CPU
		{DDE75E18-CCD1-ECA3-C01B-E7B2E0E156D6}.Debug|Any CPU.Build.0 = Debug|Any CPU
		{DDE75E18-CCD1-ECA3-C01B-E7B2E0E156D6}.Release|Any CPU.ActiveCfg = Release|Any CPU
		{DDE75E18-CCD1-ECA3-C01B-E7B2E0E156D6}.Release|Any CPU.Build.0 = Release|Any CPU
		{A4557E5C-9F4E-270D-FBC7-C27E44CBB7BE}.Debug|Any CPU.ActiveCfg = Debug|Any CPU
		{A4557E5C-9F4E-270D-FBC7-C27E44CBB7BE}.Debug|Any CPU.Build.0 = Debug|Any CPU
		{A4557E5C-9F4E-270D-FBC7-C27E44CBB7BE}.Release|Any CPU.ActiveCfg = Release|Any CPU
		{A4557E5C-9F4E-270D-FBC7-C27E44CBB7BE}.Release|Any CPU.Build.0 = Release|Any CPU
	EndGlobalSection
	GlobalSection(SolutionProperties) = preSolution
		HideSolutionNode = FALSE
	EndGlobalSection
	GlobalSection(MonoDevelopProperties) = preSolution
		StartupItem = Assembly-CSharp.csproj
	EndGlobalSection
EndGlobal
