Microsoft Visual Studio Solution File, Format Version 11.00
# Visual Studio 2008

Project("{CDC9E2DE-6A69-03F9-4534-DE2BA2F966A5}") = "vrnd-course2-starter-project-001", "Assembly-CSharp.csproj", "{234FAF8A-AB38-07EE-2BC2-FE597105F5A0}"
EndProject
Project("{CDC9E2DE-6A69-03F9-4534-DE2BA2F966A5}") = "vrnd-course2-starter-project-001", "Assembly-CSharp-Editor.csproj", "{CC8A1F0F-C5EF-0F91-781D-6E923AC0A4C6}"
EndProject
Global
	GlobalSection(SolutionConfigurationPlatforms) = preSolution
		Debug|Any CPU = Debug|Any CPU
		Release|Any CPU = Release|Any CPU
	EndGlobalSection
	GlobalSection(ProjectConfigurationPlatforms) = postSolution
		{234FAF8A-AB38-07EE-2BC2-FE597105F5A0}.Debug|Any CPU.ActiveCfg = Debug|Any CPU
		{234FAF8A-AB38-07EE-2BC2-FE597105F5A0}.Debug|Any CPU.Build.0 = Debug|Any CPU
		{234FAF8A-AB38-07EE-2BC2-FE597105F5A0}.Release|Any CPU.ActiveCfg = Release|Any CPU
		{234FAF8A-AB38-07EE-2BC2-FE597105F5A0}.Release|Any CPU.Build.0 = Release|Any CPU
		{CC8A1F0F-C5EF-0F91-781D-6E923AC0A4C6}.Debug|Any CPU.ActiveCfg = Debug|Any CPU
		{CC8A1F0F-C5EF-0F91-781D-6E923AC0A4C6}.Debug|Any CPU.Build.0 = Debug|Any CPU
		{CC8A1F0F-C5EF-0F91-781D-6E923AC0A4C6}.Release|Any CPU.ActiveCfg = Release|Any CPU
		{CC8A1F0F-C5EF-0F91-781D-6E923AC0A4C6}.Release|Any CPU.Build.0 = Release|Any CPU
	EndGlobalSection
	GlobalSection(SolutionProperties) = preSolution
		HideSolutionNode = FALSE
	EndGlobalSection
	GlobalSection(MonoDevelopProperties) = preSolution
		StartupItem = Assembly-CSharp.csproj
	EndGlobalSection
EndGlobal
